// !$*UTF8*$!
{
	archiveVersion = 1;
	classes = {
	};
	objectVersion = 56;
	objects = {

/* Begin PBXBuildFile section */
		0405F42F2A250BF8004B7A1A /* ComeingEvent.swift in Sources */ = {isa = PBXBuildFile; fileRef = 0405F42E2A250BF8004B7A1A /* ComeingEvent.swift */; };
		042207572A17923000E13386 /* AppDelegate.swift in Sources */ = {isa = PBXBuildFile; fileRef = 042207562A17923000E13386 /* AppDelegate.swift */; };
		042207592A17923000E13386 /* SceneDelegate.swift in Sources */ = {isa = PBXBuildFile; fileRef = 042207582A17923000E13386 /* SceneDelegate.swift */; };
		0422075E2A17923000E13386 /* Main.storyboard in Resources */ = {isa = PBXBuildFile; fileRef = 0422075C2A17923000E13386 /* Main.storyboard */; };
		042207612A17923000E13386 /* Club_Info.xcdatamodeld in Sources */ = {isa = PBXBuildFile; fileRef = 0422075F2A17923000E13386 /* Club_Info.xcdatamodeld */; };
		042207632A17923100E13386 /* Assets.xcassets in Resources */ = {isa = PBXBuildFile; fileRef = 042207622A17923100E13386 /* Assets.xcassets */; };
		042207662A17923100E13386 /* LaunchScreen.storyboard in Resources */ = {isa = PBXBuildFile; fileRef = 042207642A17923100E13386 /* LaunchScreen.storyboard */; };
		044F4B852A19844500475024 /* OnBoardingCollectionViewCell.swift in Sources */ = {isa = PBXBuildFile; fileRef = 044F4B842A19844500475024 /* OnBoardingCollectionViewCell.swift */; };
		04578E142A267BEE0050DD85 /* ClubInfoViewModel.swift in Sources */ = {isa = PBXBuildFile; fileRef = 04578E132A267BEE0050DD85 /* ClubInfoViewModel.swift */; };
		045991642A1E66B8005D71FC /* Views.swift in Sources */ = {isa = PBXBuildFile; fileRef = 045991632A1E66B8005D71FC /* Views.swift */; };
		045991662A1E711E005D71FC /* Extension.swift in Sources */ = {isa = PBXBuildFile; fileRef = 045991652A1E711E005D71FC /* Extension.swift */; };
		046370C82A2644AE004FB7C4 /* ClubInfoViewController.swift in Sources */ = {isa = PBXBuildFile; fileRef = 046370C72A2644AE004FB7C4 /* ClubInfoViewController.swift */; };
		046370CE2A2644F4004FB7C4 /* PlayerTableViewCell.swift in Sources */ = {isa = PBXBuildFile; fileRef = 046370CC2A2644F4004FB7C4 /* PlayerTableViewCell.swift */; };
		046370CF2A2644F4004FB7C4 /* PlayerTableViewCell.xib in Resources */ = {isa = PBXBuildFile; fileRef = 046370CD2A2644F4004FB7C4 /* PlayerTableViewCell.xib */; };
		04657A042A17C5BC00064C1F /* OnboardingContentViewController.swift in Sources */ = {isa = PBXBuildFile; fileRef = 04657A032A17C5BC00064C1F /* OnboardingContentViewController.swift */; };
		046EBB362A1D114100AD9B15 /* HomeViewController.swift in Sources */ = {isa = PBXBuildFile; fileRef = 046EBB352A1D114100AD9B15 /* HomeViewController.swift */; };
		046EBB402A1D56D500AD9B15 /* LeaguesViewController.swift in Sources */ = {isa = PBXBuildFile; fileRef = 046EBB3F2A1D56D500AD9B15 /* LeaguesViewController.swift */; };
		046EBB432A1D5A2300AD9B15 /* Enumertion.swift in Sources */ = {isa = PBXBuildFile; fileRef = 046EBB422A1D5A2300AD9B15 /* Enumertion.swift */; };
		047794A82A23D39800CCE1B8 /* ComingEventCell.swift in Sources */ = {isa = PBXBuildFile; fileRef = 047794A62A23D39800CCE1B8 /* ComingEventCell.swift */; };
		047794A92A23D39800CCE1B8 /* ComingEventCell.xib in Resources */ = {isa = PBXBuildFile; fileRef = 047794A72A23D39800CCE1B8 /* ComingEventCell.xib */; };
		047794AC2A23D3B500CCE1B8 /* ClubsCell.swift in Sources */ = {isa = PBXBuildFile; fileRef = 047794AA2A23D3B500CCE1B8 /* ClubsCell.swift */; };
		047794AD2A23D3B500CCE1B8 /* ClubsCell.xib in Resources */ = {isa = PBXBuildFile; fileRef = 047794AB2A23D3B500CCE1B8 /* ClubsCell.xib */; };
		047794B02A23D3C400CCE1B8 /* ResultCell.swift in Sources */ = {isa = PBXBuildFile; fileRef = 047794AE2A23D3C400CCE1B8 /* ResultCell.swift */; };
		047794B12A23D3C400CCE1B8 /* ResultCell.xib in Resources */ = {isa = PBXBuildFile; fileRef = 047794AF2A23D3C400CCE1B8 /* ResultCell.xib */; };
		047794B62A23E03000CCE1B8 /* LeagueModelView.swift in Sources */ = {isa = PBXBuildFile; fileRef = 047794B52A23E03000CCE1B8 /* LeagueModelView.swift */; };
		047794B82A23F44E00CCE1B8 /* Observable.swift in Sources */ = {isa = PBXBuildFile; fileRef = 047794B72A23F44E00CCE1B8 /* Observable.swift */; };
		0477D70B2A1F9D3100808962 /* LeagueViewController.swift in Sources */ = {isa = PBXBuildFile; fileRef = 0477D70A2A1F9D3100808962 /* LeagueViewController.swift */; };
		048B36BD2A269A8A00D7EB2A /* DataBaseManager.swift in Sources */ = {isa = PBXBuildFile; fileRef = 048B36BC2A269A8A00D7EB2A /* DataBaseManager.swift */; };
		04A8FF4E2A18377B0053D7B3 /* Slides.swift in Sources */ = {isa = PBXBuildFile; fileRef = 04A8FF4D2A18377B0053D7B3 /* Slides.swift */; };
		04DB73EB2A25F03C006F83CB /* Team.swift in Sources */ = {isa = PBXBuildFile; fileRef = 04DB73EA2A25F03C006F83CB /* Team.swift */; };
		04F17EB12A1D64910004A457 /* LeaguesViewModel.swift in Sources */ = {isa = PBXBuildFile; fileRef = 04F17EB02A1D64910004A457 /* LeaguesViewModel.swift */; };
		04F17EB42A1D64EE0004A457 /* Service.swift in Sources */ = {isa = PBXBuildFile; fileRef = 04F17EB32A1D64EE0004A457 /* Service.swift */; };
		04F17EB62A1D6AC00004A457 /* LeagueModel.swift in Sources */ = {isa = PBXBuildFile; fileRef = 04F17EB52A1D6AC00004A457 /* LeagueModel.swift */; };
		6DE8FCC43720ABFA12EB8EE2 /* Pods_Club_Info.framework in Frameworks */ = {isa = PBXBuildFile; fileRef = 147286A325C9C966DBD55F35 /* Pods_Club_Info.framework */; };
/* End PBXBuildFile section */

/* Begin PBXFileReference section */
		0405F42E2A250BF8004B7A1A /* ComeingEvent.swift */ = {isa = PBXFileReference; lastKnownFileType = sourcecode.swift; path = ComeingEvent.swift; sourceTree = "<group>"; };
		042207532A17923000E13386 /* Club Info.app */ = {isa = PBXFileReference; explicitFileType = wrapper.application; includeInIndex = 0; path = "Club Info.app"; sourceTree = BUILT_PRODUCTS_DIR; };
		042207562A17923000E13386 /* AppDelegate.swift */ = {isa = PBXFileReference; lastKnownFileType = sourcecode.swift; path = AppDelegate.swift; sourceTree = "<group>"; };
		042207582A17923000E13386 /* SceneDelegate.swift */ = {isa = PBXFileReference; lastKnownFileType = sourcecode.swift; path = SceneDelegate.swift; sourceTree = "<group>"; };
		0422075D2A17923000E13386 /* Base */ = {isa = PBXFileReference; lastKnownFileType = file.storyboard; name = Base; path = Base.lproj/Main.storyboard; sourceTree = "<group>"; };
		042207602A17923000E13386 /* Club_Info.xcdatamodel */ = {isa = PBXFileReference; lastKnownFileType = wrapper.xcdatamodel; path = Club_Info.xcdatamodel; sourceTree = "<group>"; };
		042207622A17923100E13386 /* Assets.xcassets */ = {isa = PBXFileReference; lastKnownFileType = folder.assetcatalog; path = Assets.xcassets; sourceTree = "<group>"; };
		042207652A17923100E13386 /* Base */ = {isa = PBXFileReference; lastKnownFileType = file.storyboard; name = Base; path = Base.lproj/LaunchScreen.storyboard; sourceTree = "<group>"; };
		042207672A17923100E13386 /* Info.plist */ = {isa = PBXFileReference; lastKnownFileType = text.plist.xml; path = Info.plist; sourceTree = "<group>"; };
		044F4B842A19844500475024 /* OnBoardingCollectionViewCell.swift */ = {isa = PBXFileReference; lastKnownFileType = sourcecode.swift; path = OnBoardingCollectionViewCell.swift; sourceTree = "<group>"; };
		04578E132A267BEE0050DD85 /* ClubInfoViewModel.swift */ = {isa = PBXFileReference; lastKnownFileType = sourcecode.swift; path = ClubInfoViewModel.swift; sourceTree = "<group>"; };
		045991632A1E66B8005D71FC /* Views.swift */ = {isa = PBXFileReference; lastKnownFileType = sourcecode.swift; path = Views.swift; sourceTree = "<group>"; };
		045991652A1E711E005D71FC /* Extension.swift */ = {isa = PBXFileReference; lastKnownFileType = sourcecode.swift; path = Extension.swift; sourceTree = "<group>"; };
		046370C72A2644AE004FB7C4 /* ClubInfoViewController.swift */ = {isa = PBXFileReference; lastKnownFileType = sourcecode.swift; path = ClubInfoViewController.swift; sourceTree = "<group>"; };
		046370CC2A2644F4004FB7C4 /* PlayerTableViewCell.swift */ = {isa = PBXFileReference; lastKnownFileType = sourcecode.swift; path = PlayerTableViewCell.swift; sourceTree = "<group>"; };
		046370CD2A2644F4004FB7C4 /* PlayerTableViewCell.xib */ = {isa = PBXFileReference; lastKnownFileType = file.xib; path = PlayerTableViewCell.xib; sourceTree = "<group>"; };
		04657A032A17C5BC00064C1F /* OnboardingContentViewController.swift */ = {isa = PBXFileReference; lastKnownFileType = sourcecode.swift; path = OnboardingContentViewController.swift; sourceTree = "<group>"; };
		046EBB352A1D114100AD9B15 /* HomeViewController.swift */ = {isa = PBXFileReference; lastKnownFileType = sourcecode.swift; path = HomeViewController.swift; sourceTree = "<group>"; };
		046EBB3F2A1D56D500AD9B15 /* LeaguesViewController.swift */ = {isa = PBXFileReference; lastKnownFileType = sourcecode.swift; path = LeaguesViewController.swift; sourceTree = "<group>"; };
		046EBB422A1D5A2300AD9B15 /* Enumertion.swift */ = {isa = PBXFileReference; lastKnownFileType = sourcecode.swift; path = Enumertion.swift; sourceTree = "<group>"; };
		047794A62A23D39800CCE1B8 /* ComingEventCell.swift */ = {isa = PBXFileReference; lastKnownFileType = sourcecode.swift; path = ComingEventCell.swift; sourceTree = "<group>"; };
		047794A72A23D39800CCE1B8 /* ComingEventCell.xib */ = {isa = PBXFileReference; lastKnownFileType = file.xib; path = ComingEventCell.xib; sourceTree = "<group>"; };
		047794AA2A23D3B500CCE1B8 /* ClubsCell.swift */ = {isa = PBXFileReference; lastKnownFileType = sourcecode.swift; path = ClubsCell.swift; sourceTree = "<group>"; };
		047794AB2A23D3B500CCE1B8 /* ClubsCell.xib */ = {isa = PBXFileReference; lastKnownFileType = file.xib; path = ClubsCell.xib; sourceTree = "<group>"; };
		047794AE2A23D3C400CCE1B8 /* ResultCell.swift */ = {isa = PBXFileReference; lastKnownFileType = sourcecode.swift; path = ResultCell.swift; sourceTree = "<group>"; };
		047794AF2A23D3C400CCE1B8 /* ResultCell.xib */ = {isa = PBXFileReference; lastKnownFileType = file.xib; path = ResultCell.xib; sourceTree = "<group>"; };
		047794B52A23E03000CCE1B8 /* LeagueModelView.swift */ = {isa = PBXFileReference; lastKnownFileType = sourcecode.swift; path = LeagueModelView.swift; sourceTree = "<group>"; };
		047794B72A23F44E00CCE1B8 /* Observable.swift */ = {isa = PBXFileReference; lastKnownFileType = sourcecode.swift; path = Observable.swift; sourceTree = "<group>"; };
		0477D70A2A1F9D3100808962 /* LeagueViewController.swift */ = {isa = PBXFileReference; lastKnownFileType = sourcecode.swift; path = LeagueViewController.swift; sourceTree = "<group>"; };
		048B36BC2A269A8A00D7EB2A /* DataBaseManager.swift */ = {isa = PBXFileReference; lastKnownFileType = sourcecode.swift; path = DataBaseManager.swift; sourceTree = "<group>"; };
		04A8FF4D2A18377B0053D7B3 /* Slides.swift */ = {isa = PBXFileReference; lastKnownFileType = sourcecode.swift; path = Slides.swift; sourceTree = "<group>"; };
		04DB73EA2A25F03C006F83CB /* Team.swift */ = {isa = PBXFileReference; lastKnownFileType = sourcecode.swift; path = Team.swift; sourceTree = "<group>"; };
		04F17EB02A1D64910004A457 /* LeaguesViewModel.swift */ = {isa = PBXFileReference; lastKnownFileType = sourcecode.swift; path = LeaguesViewModel.swift; sourceTree = "<group>"; };
		04F17EB32A1D64EE0004A457 /* Service.swift */ = {isa = PBXFileReference; lastKnownFileType = sourcecode.swift; path = Service.swift; sourceTree = "<group>"; };
		04F17EB52A1D6AC00004A457 /* LeagueModel.swift */ = {isa = PBXFileReference; lastKnownFileType = sourcecode.swift; path = LeagueModel.swift; sourceTree = "<group>"; };
		147286A325C9C966DBD55F35 /* Pods_Club_Info.framework */ = {isa = PBXFileReference; explicitFileType = wrapper.framework; includeInIndex = 0; path = Pods_Club_Info.framework; sourceTree = BUILT_PRODUCTS_DIR; };
		C4476DE2FFD3BEFF6B95F18B /* Pods-Club Info.debug.xcconfig */ = {isa = PBXFileReference; includeInIndex = 1; lastKnownFileType = text.xcconfig; name = "Pods-Club Info.debug.xcconfig"; path = "Target Support Files/Pods-Club Info/Pods-Club Info.debug.xcconfig"; sourceTree = "<group>"; };
		C4907C06EEA4255F632EA24C /* Pods-Club Info.release.xcconfig */ = {isa = PBXFileReference; includeInIndex = 1; lastKnownFileType = text.xcconfig; name = "Pods-Club Info.release.xcconfig"; path = "Target Support Files/Pods-Club Info/Pods-Club Info.release.xcconfig"; sourceTree = "<group>"; };
/* End PBXFileReference section */

/* Begin PBXFrameworksBuildPhase section */
		042207502A17923000E13386 /* Frameworks */ = {
			isa = PBXFrameworksBuildPhase;
			buildActionMask = 2147483647;
			files = (
				6DE8FCC43720ABFA12EB8EE2 /* Pods_Club_Info.framework in Frameworks */,
			);
			runOnlyForDeploymentPostprocessing = 0;
		};
/* End PBXFrameworksBuildPhase section */

/* Begin PBXGroup section */
		0405F4302A251BB0004B7A1A /* ViewModel */ = {
			isa = PBXGroup;
			children = (
				04F17EB02A1D64910004A457 /* LeaguesViewModel.swift */,
			);
			path = ViewModel;
			sourceTree = "<group>";
		};
		0405F4312A251BC4004B7A1A /* Controller */ = {
			isa = PBXGroup;
			children = (
				046EBB3F2A1D56D500AD9B15 /* LeaguesViewController.swift */,
			);
			path = Controller;
			sourceTree = "<group>";
		};
		0422074A2A17923000E13386 = {
			isa = PBXGroup;
			children = (
				042207552A17923000E13386 /* Club Info */,
				042207542A17923000E13386 /* Products */,
				4A5FEED3FA1E67C1C798565E /* Pods */,
				4154898604B39975A8B9BE0D /* Frameworks */,
			);
			sourceTree = "<group>";
		};
		042207542A17923000E13386 /* Products */ = {
			isa = PBXGroup;
			children = (
				042207532A17923000E13386 /* Club Info.app */,
			);
			name = Products;
			sourceTree = "<group>";
		};
		042207552A17923000E13386 /* Club Info */ = {
			isa = PBXGroup;
			children = (
				04F17EB22A1D64D60004A457 /* Data */,
				046EBB412A1D59A100AD9B15 /* Utilities */,
				04A8FF4B2A18374C0053D7B3 /* Models */,
				04A8FF492A1835C50053D7B3 /* Views */,
				042207562A17923000E13386 /* AppDelegate.swift */,
				042207582A17923000E13386 /* SceneDelegate.swift */,
				0422075C2A17923000E13386 /* Main.storyboard */,
				042207622A17923100E13386 /* Assets.xcassets */,
				042207642A17923100E13386 /* LaunchScreen.storyboard */,
				042207672A17923100E13386 /* Info.plist */,
				0422075F2A17923000E13386 /* Club_Info.xcdatamodeld */,
			);
			path = "Club Info";
			sourceTree = "<group>";
		};
		046370C62A264463004FB7C4 /* ClubInfo */ = {
			isa = PBXGroup;
			children = (
				046370CB2A2644D4004FB7C4 /* Cell */,
				046370CA2A2644C1004FB7C4 /* ViewModel */,
				046370C92A2644B4004FB7C4 /* ViewController */,
				046370C72A2644AE004FB7C4 /* ClubInfoViewController.swift */,
			);
			path = ClubInfo;
			sourceTree = "<group>";
		};
		046370C92A2644B4004FB7C4 /* ViewController */ = {
			isa = PBXGroup;
			children = (
			);
			path = ViewController;
			sourceTree = "<group>";
		};
		046370CA2A2644C1004FB7C4 /* ViewModel */ = {
			isa = PBXGroup;
			children = (
				04578E132A267BEE0050DD85 /* ClubInfoViewModel.swift */,
			);
			path = ViewModel;
			sourceTree = "<group>";
		};
		046370CB2A2644D4004FB7C4 /* Cell */ = {
			isa = PBXGroup;
			children = (
				046370D02A2644FD004FB7C4 /* PlayerCell */,
				046370CC2A2644F4004FB7C4 /* PlayerTableViewCell.swift */,
				046370CD2A2644F4004FB7C4 /* PlayerTableViewCell.xib */,
			);
			path = Cell;
			sourceTree = "<group>";
		};
		046370D02A2644FD004FB7C4 /* PlayerCell */ = {
			isa = PBXGroup;
			children = (
			);
			path = PlayerCell;
			sourceTree = "<group>";
		};
		046EBB372A1D4BBE00AD9B15 /* Home */ = {
			isa = PBXGroup;
			children = (
				046EBB352A1D114100AD9B15 /* HomeViewController.swift */,
			);
			path = Home;
			sourceTree = "<group>";
		};
		046EBB3E2A1D562F00AD9B15 /* Leagues */ = {
			isa = PBXGroup;
			children = (
				0405F4312A251BC4004B7A1A /* Controller */,
				0405F4302A251BB0004B7A1A /* ViewModel */,
			);
			path = Leagues;
			sourceTree = "<group>";
		};
		046EBB412A1D59A100AD9B15 /* Utilities */ = {
			isa = PBXGroup;
			children = (
				046EBB422A1D5A2300AD9B15 /* Enumertion.swift */,
				045991632A1E66B8005D71FC /* Views.swift */,
				045991652A1E711E005D71FC /* Extension.swift */,
				047794B72A23F44E00CCE1B8 /* Observable.swift */,
			);
			path = Utilities;
			sourceTree = "<group>";
		};
		047794A12A23D34800CCE1B8 /* ComingEvent */ = {
			isa = PBXGroup;
			children = (
				047794A62A23D39800CCE1B8 /* ComingEventCell.swift */,
				047794A72A23D39800CCE1B8 /* ComingEventCell.xib */,
			);
			path = ComingEvent;
			sourceTree = "<group>";
		};
		047794A42A23D36900CCE1B8 /* Clubs */ = {
			isa = PBXGroup;
			children = (
				047794AA2A23D3B500CCE1B8 /* ClubsCell.swift */,
				047794AB2A23D3B500CCE1B8 /* ClubsCell.xib */,
			);
			path = Clubs;
			sourceTree = "<group>";
		};
		047794A52A23D37800CCE1B8 /* Result */ = {
			isa = PBXGroup;
			children = (
				047794AE2A23D3C400CCE1B8 /* ResultCell.swift */,
				047794AF2A23D3C400CCE1B8 /* ResultCell.xib */,
			);
			path = Result;
			sourceTree = "<group>";
		};
		047794B22A23DFA500CCE1B8 /* Cell */ = {
			isa = PBXGroup;
			children = (
				047794A52A23D37800CCE1B8 /* Result */,
				047794A42A23D36900CCE1B8 /* Clubs */,
				047794A12A23D34800CCE1B8 /* ComingEvent */,
			);
			path = Cell;
			sourceTree = "<group>";
		};
		047794B32A23DFF600CCE1B8 /* VIewController */ = {
			isa = PBXGroup;
			children = (
				0477D70A2A1F9D3100808962 /* LeagueViewController.swift */,
				047794B22A23DFA500CCE1B8 /* Cell */,
			);
			path = VIewController;
			sourceTree = "<group>";
		};
		047794B42A23E00B00CCE1B8 /* ViewModel */ = {
			isa = PBXGroup;
			children = (
				047794B52A23E03000CCE1B8 /* LeagueModelView.swift */,
			);
			path = ViewModel;
			sourceTree = "<group>";
		};
		0477D7092A1F9D1300808962 /* League */ = {
			isa = PBXGroup;
			children = (
				047794B42A23E00B00CCE1B8 /* ViewModel */,
				047794B32A23DFF600CCE1B8 /* VIewController */,
			);
			path = League;
			sourceTree = "<group>";
		};
		04A8FF492A1835C50053D7B3 /* Views */ = {
			isa = PBXGroup;
			children = (
				046370C62A264463004FB7C4 /* ClubInfo */,
				0477D7092A1F9D1300808962 /* League */,
				046EBB3E2A1D562F00AD9B15 /* Leagues */,
				046EBB372A1D4BBE00AD9B15 /* Home */,
				04A8FF4A2A1835D80053D7B3 /* OnBoarding */,
			);
			path = Views;
			sourceTree = "<group>";
		};
		04A8FF4A2A1835D80053D7B3 /* OnBoarding */ = {
			isa = PBXGroup;
			children = (
				044F4B842A19844500475024 /* OnBoardingCollectionViewCell.swift */,
				04657A032A17C5BC00064C1F /* OnboardingContentViewController.swift */,
			);
			path = OnBoarding;
			sourceTree = "<group>";
		};
		04A8FF4B2A18374C0053D7B3 /* Models */ = {
			isa = PBXGroup;
			children = (
				04A8FF4D2A18377B0053D7B3 /* Slides.swift */,
				04F17EB52A1D6AC00004A457 /* LeagueModel.swift */,
				0405F42E2A250BF8004B7A1A /* ComeingEvent.swift */,
				04DB73EA2A25F03C006F83CB /* Team.swift */,
			);
			path = Models;
			sourceTree = "<group>";
		};
		04F17EB22A1D64D60004A457 /* Data */ = {
			isa = PBXGroup;
			children = (
				04F17EB32A1D64EE0004A457 /* Service.swift */,
				048B36BC2A269A8A00D7EB2A /* DataBaseManager.swift */,
			);
			path = Data;
			sourceTree = "<group>";
		};
		4154898604B39975A8B9BE0D /* Frameworks */ = {
			isa = PBXGroup;
			children = (
				147286A325C9C966DBD55F35 /* Pods_Club_Info.framework */,
			);
			name = Frameworks;
			sourceTree = "<group>";
		};
		4A5FEED3FA1E67C1C798565E /* Pods */ = {
			isa = PBXGroup;
			children = (
				C4476DE2FFD3BEFF6B95F18B /* Pods-Club Info.debug.xcconfig */,
				C4907C06EEA4255F632EA24C /* Pods-Club Info.release.xcconfig */,
			);
			path = Pods;
			sourceTree = "<group>";
		};
/* End PBXGroup section */

/* Begin PBXNativeTarget section */
		042207522A17923000E13386 /* Club Info */ = {
			isa = PBXNativeTarget;
			buildConfigurationList = 0422076A2A17923100E13386 /* Build configuration list for PBXNativeTarget "Club Info" */;
			buildPhases = (
				7BEAEC29421A38D7420CD184 /* [CP] Check Pods Manifest.lock */,
				0422074F2A17923000E13386 /* Sources */,
				042207502A17923000E13386 /* Frameworks */,
				042207512A17923000E13386 /* Resources */,
				497FF26BC95BF0434C539FF5 /* [CP] Embed Pods Frameworks */,
			);
			buildRules = (
			);
			dependencies = (
			);
			name = "Club Info";
			productName = "Club Info";
			productReference = 042207532A17923000E13386 /* Club Info.app */;
			productType = "com.apple.product-type.application";
		};
/* End PBXNativeTarget section */

/* Begin PBXProject section */
		0422074B2A17923000E13386 /* Project object */ = {
			isa = PBXProject;
			attributes = {
				BuildIndependentTargetsInParallel = 1;
				LastSwiftUpdateCheck = 1430;
				LastUpgradeCheck = 1430;
				TargetAttributes = {
					042207522A17923000E13386 = {
						CreatedOnToolsVersion = 14.3;
					};
				};
			};
			buildConfigurationList = 0422074E2A17923000E13386 /* Build configuration list for PBXProject "Club Info" */;
			compatibilityVersion = "Xcode 14.0";
			developmentRegion = en;
			hasScannedForEncodings = 0;
			knownRegions = (
				en,
				Base,
			);
			mainGroup = 0422074A2A17923000E13386;
			productRefGroup = 042207542A17923000E13386 /* Products */;
			projectDirPath = "";
			projectRoot = "";
			targets = (
				042207522A17923000E13386 /* Club Info */,
			);
		};
/* End PBXProject section */

/* Begin PBXResourcesBuildPhase section */
		042207512A17923000E13386 /* Resources */ = {
			isa = PBXResourcesBuildPhase;
			buildActionMask = 2147483647;
			files = (
				047794AD2A23D3B500CCE1B8 /* ClubsCell.xib in Resources */,
				042207662A17923100E13386 /* LaunchScreen.storyboard in Resources */,
				042207632A17923100E13386 /* Assets.xcassets in Resources */,
				0422075E2A17923000E13386 /* Main.storyboard in Resources */,
				047794B12A23D3C400CCE1B8 /* ResultCell.xib in Resources */,
				047794A92A23D39800CCE1B8 /* ComingEventCell.xib in Resources */,
				046370CF2A2644F4004FB7C4 /* PlayerTableViewCell.xib in Resources */,
			);
			runOnlyForDeploymentPostprocessing = 0;
		};
/* End PBXResourcesBuildPhase section */

/* Begin PBXShellScriptBuildPhase section */
		497FF26BC95BF0434C539FF5 /* [CP] Embed Pods Frameworks */ = {
			isa = PBXShellScriptBuildPhase;
			buildActionMask = 2147483647;
			files = (
			);
			inputFileListPaths = (
				"${PODS_ROOT}/Target Support Files/Pods-Club Info/Pods-Club Info-frameworks-${CONFIGURATION}-input-files.xcfilelist",
			);
			name = "[CP] Embed Pods Frameworks";
			outputFileListPaths = (
				"${PODS_ROOT}/Target Support Files/Pods-Club Info/Pods-Club Info-frameworks-${CONFIGURATION}-output-files.xcfilelist",
			);
			runOnlyForDeploymentPostprocessing = 0;
			shellPath = /bin/sh;
			shellScript = "\"${PODS_ROOT}/Target Support Files/Pods-Club Info/Pods-Club Info-frameworks.sh\"\n";
			showEnvVarsInLog = 0;
		};
		7BEAEC29421A38D7420CD184 /* [CP] Check Pods Manifest.lock */ = {
			isa = PBXShellScriptBuildPhase;
			buildActionMask = 2147483647;
			files = (
			);
			inputFileListPaths = (
			);
			inputPaths = (
				"${PODS_PODFILE_DIR_PATH}/Podfile.lock",
				"${PODS_ROOT}/Manifest.lock",
			);
			name = "[CP] Check Pods Manifest.lock";
			outputFileListPaths = (
			);
			outputPaths = (
				"$(DERIVED_FILE_DIR)/Pods-Club Info-checkManifestLockResult.txt",
			);
			runOnlyForDeploymentPostprocessing = 0;
			shellPath = /bin/sh;
			shellScript = "diff \"${PODS_PODFILE_DIR_PATH}/Podfile.lock\" \"${PODS_ROOT}/Manifest.lock\" > /dev/null\nif [ $? != 0 ] ; then\n    # print error to STDERR\n    echo \"error: The sandbox is not in sync with the Podfile.lock. Run 'pod install' or update your CocoaPods installation.\" >&2\n    exit 1\nfi\n# This output is used by Xcode 'outputs' to avoid re-running this script phase.\necho \"SUCCESS\" > \"${SCRIPT_OUTPUT_FILE_0}\"\n";
			showEnvVarsInLog = 0;
		};
/* End PBXShellScriptBuildPhase section */

/* Begin PBXSourcesBuildPhase section */
		0422074F2A17923000E13386 /* Sources */ = {
			isa = PBXSourcesBuildPhase;
			buildActionMask = 2147483647;
			files = (
				04F17EB62A1D6AC00004A457 /* LeagueModel.swift in Sources */,
				04A8FF4E2A18377B0053D7B3 /* Slides.swift in Sources */,
				04657A042A17C5BC00064C1F /* OnboardingContentViewController.swift in Sources */,
				042207572A17923000E13386 /* AppDelegate.swift in Sources */,
				04F17EB12A1D64910004A457 /* LeaguesViewModel.swift in Sources */,
				046EBB432A1D5A2300AD9B15 /* Enumertion.swift in Sources */,
				047794B62A23E03000CCE1B8 /* LeagueModelView.swift in Sources */,
				045991642A1E66B8005D71FC /* Views.swift in Sources */,
				04DB73EB2A25F03C006F83CB /* Team.swift in Sources */,
				046EBB402A1D56D500AD9B15 /* LeaguesViewController.swift in Sources */,
				044F4B852A19844500475024 /* OnBoardingCollectionViewCell.swift in Sources */,
				04578E142A267BEE0050DD85 /* ClubInfoViewModel.swift in Sources */,
				048B36BD2A269A8A00D7EB2A /* DataBaseManager.swift in Sources */,
				045991662A1E711E005D71FC /* Extension.swift in Sources */,
				046370CE2A2644F4004FB7C4 /* PlayerTableViewCell.swift in Sources */,
				042207592A17923000E13386 /* SceneDelegate.swift in Sources */,
				0405F42F2A250BF8004B7A1A /* ComeingEvent.swift in Sources */,
				046370C82A2644AE004FB7C4 /* ClubInfoViewController.swift in Sources */,
				04F17EB42A1D64EE0004A457 /* Service.swift in Sources */,
				046EBB362A1D114100AD9B15 /* HomeViewController.swift in Sources */,
				047794AC2A23D3B500CCE1B8 /* ClubsCell.swift in Sources */,
				047794B02A23D3C400CCE1B8 /* ResultCell.swift in Sources */,
				047794B82A23F44E00CCE1B8 /* Observable.swift in Sources */,
				0477D70B2A1F9D3100808962 /* LeagueViewController.swift in Sources */,
				042207612A17923000E13386 /* Club_Info.xcdatamodeld in Sources */,
				047794A82A23D39800CCE1B8 /* ComingEventCell.swift in Sources */,
			);
			runOnlyForDeploymentPostprocessing = 0;
		};
/* End PBXSourcesBuildPhase section */

/* Begin PBXVariantGroup section */
		0422075C2A17923000E13386 /* Main.storyboard */ = {
			isa = PBXVariantGroup;
			children = (
				0422075D2A17923000E13386 /* Base */,
			);
			name = Main.storyboard;
			sourceTree = "<group>";
		};
		042207642A17923100E13386 /* LaunchScreen.storyboard */ = {
			isa = PBXVariantGroup;
			children = (
				042207652A17923100E13386 /* Base */,
			);
			name = LaunchScreen.storyboard;
			sourceTree = "<group>";
		};
/* End PBXVariantGroup section */

/* Begin XCBuildConfiguration section */
		042207682A17923100E13386 /* Debug */ = {
			isa = XCBuildConfiguration;
			buildSettings = {
				ALWAYS_SEARCH_USER_PATHS = NO;
				CLANG_ANALYZER_NONNULL = YES;
				CLANG_ANALYZER_NUMBER_OBJECT_CONVERSION = YES_AGGRESSIVE;
				CLANG_CXX_LANGUAGE_STANDARD = "gnu++20";
				CLANG_ENABLE_MODULES = YES;
				CLANG_ENABLE_OBJC_ARC = YES;
				CLANG_ENABLE_OBJC_WEAK = YES;
				CLANG_WARN_BLOCK_CAPTURE_AUTORELEASING = YES;
				CLANG_WARN_BOOL_CONVERSION = YES;
				CLANG_WARN_COMMA = YES;
				CLANG_WARN_CONSTANT_CONVERSION = YES;
				CLANG_WARN_DEPRECATED_OBJC_IMPLEMENTATIONS = YES;
				CLANG_WARN_DIRECT_OBJC_ISA_USAGE = YES_ERROR;
				CLANG_WARN_DOCUMENTATION_COMMENTS = YES;
				CLANG_WARN_EMPTY_BODY = YES;
				CLANG_WARN_ENUM_CONVERSION = YES;
				CLANG_WARN_INFINITE_RECURSION = YES;
				CLANG_WARN_INT_CONVERSION = YES;
				CLANG_WARN_NON_LITERAL_NULL_CONVERSION = YES;
				CLANG_WARN_OBJC_IMPLICIT_RETAIN_SELF = YES;
				CLANG_WARN_OBJC_LITERAL_CONVERSION = YES;
				CLANG_WARN_OBJC_ROOT_CLASS = YES_ERROR;
				CLANG_WARN_QUOTED_INCLUDE_IN_FRAMEWORK_HEADER = YES;
				CLANG_WARN_RANGE_LOOP_ANALYSIS = YES;
				CLANG_WARN_STRICT_PROTOTYPES = YES;
				CLANG_WARN_SUSPICIOUS_MOVE = YES;
				CLANG_WARN_UNGUARDED_AVAILABILITY = YES_AGGRESSIVE;
				CLANG_WARN_UNREACHABLE_CODE = YES;
				CLANG_WARN__DUPLICATE_METHOD_MATCH = YES;
				COPY_PHASE_STRIP = NO;
				DEBUG_INFORMATION_FORMAT = dwarf;
				ENABLE_STRICT_OBJC_MSGSEND = YES;
				ENABLE_TESTABILITY = YES;
				GCC_C_LANGUAGE_STANDARD = gnu11;
				GCC_DYNAMIC_NO_PIC = NO;
				GCC_NO_COMMON_BLOCKS = YES;
				GCC_OPTIMIZATION_LEVEL = 0;
				GCC_PREPROCESSOR_DEFINITIONS = (
					"DEBUG=1",
					"$(inherited)",
				);
				GCC_WARN_64_TO_32_BIT_CONVERSION = YES;
				GCC_WARN_ABOUT_RETURN_TYPE = YES_ERROR;
				GCC_WARN_UNDECLARED_SELECTOR = YES;
				GCC_WARN_UNINITIALIZED_AUTOS = YES_AGGRESSIVE;
				GCC_WARN_UNUSED_FUNCTION = YES;
				GCC_WARN_UNUSED_VARIABLE = YES;
				IPHONEOS_DEPLOYMENT_TARGET = 16.4;
				MTL_ENABLE_DEBUG_INFO = INCLUDE_SOURCE;
				MTL_FAST_MATH = YES;
				ONLY_ACTIVE_ARCH = YES;
				SDKROOT = iphoneos;
				SWIFT_ACTIVE_COMPILATION_CONDITIONS = DEBUG;
				SWIFT_OPTIMIZATION_LEVEL = "-Onone";
			};
			name = Debug;
		};
		042207692A17923100E13386 /* Release */ = {
			isa = XCBuildConfiguration;
			buildSettings = {
				ALWAYS_SEARCH_USER_PATHS = NO;
				CLANG_ANALYZER_NONNULL = YES;
				CLANG_ANALYZER_NUMBER_OBJECT_CONVERSION = YES_AGGRESSIVE;
				CLANG_CXX_LANGUAGE_STANDARD = "gnu++20";
				CLANG_ENABLE_MODULES = YES;
				CLANG_ENABLE_OBJC_ARC = YES;
				CLANG_ENABLE_OBJC_WEAK = YES;
				CLANG_WARN_BLOCK_CAPTURE_AUTORELEASING = YES;
				CLANG_WARN_BOOL_CONVERSION = YES;
				CLANG_WARN_COMMA = YES;
				CLANG_WARN_CONSTANT_CONVERSION = YES;
				CLANG_WARN_DEPRECATED_OBJC_IMPLEMENTATIONS = YES;
				CLANG_WARN_DIRECT_OBJC_ISA_USAGE = YES_ERROR;
				CLANG_WARN_DOCUMENTATION_COMMENTS = YES;
				CLANG_WARN_EMPTY_BODY = YES;
				CLANG_WARN_ENUM_CONVERSION = YES;
				CLANG_WARN_INFINITE_RECURSION = YES;
				CLANG_WARN_INT_CONVERSION = YES;
				CLANG_WARN_NON_LITERAL_NULL_CONVERSION = YES;
				CLANG_WARN_OBJC_IMPLICIT_RETAIN_SELF = YES;
				CLANG_WARN_OBJC_LITERAL_CONVERSION = YES;
				CLANG_WARN_OBJC_ROOT_CLASS = YES_ERROR;
				CLANG_WARN_QUOTED_INCLUDE_IN_FRAMEWORK_HEADER = YES;
				CLANG_WARN_RANGE_LOOP_ANALYSIS = YES;
				CLANG_WARN_STRICT_PROTOTYPES = YES;
				CLANG_WARN_SUSPICIOUS_MOVE = YES;
				CLANG_WARN_UNGUARDED_AVAILABILITY = YES_AGGRESSIVE;
				CLANG_WARN_UNREACHABLE_CODE = YES;
				CLANG_WARN__DUPLICATE_METHOD_MATCH = YES;
				COPY_PHASE_STRIP = NO;
				DEBUG_INFORMATION_FORMAT = "dwarf-with-dsym";
				ENABLE_NS_ASSERTIONS = NO;
				ENABLE_STRICT_OBJC_MSGSEND = YES;
				GCC_C_LANGUAGE_STANDARD = gnu11;
				GCC_NO_COMMON_BLOCKS = YES;
				GCC_WARN_64_TO_32_BIT_CONVERSION = YES;
				GCC_WARN_ABOUT_RETURN_TYPE = YES_ERROR;
				GCC_WARN_UNDECLARED_SELECTOR = YES;
				GCC_WARN_UNINITIALIZED_AUTOS = YES_AGGRESSIVE;
				GCC_WARN_UNUSED_FUNCTION = YES;
				GCC_WARN_UNUSED_VARIABLE = YES;
				IPHONEOS_DEPLOYMENT_TARGET = 16.4;
				MTL_ENABLE_DEBUG_INFO = NO;
				MTL_FAST_MATH = YES;
				SDKROOT = iphoneos;
				SWIFT_COMPILATION_MODE = wholemodule;
				SWIFT_OPTIMIZATION_LEVEL = "-O";
				VALIDATE_PRODUCT = YES;
			};
			name = Release;
		};
		0422076B2A17923100E13386 /* Debug */ = {
			isa = XCBuildConfiguration;
			baseConfigurationReference = C4476DE2FFD3BEFF6B95F18B /* Pods-Club Info.debug.xcconfig */;
			buildSettings = {
				ASSETCATALOG_COMPILER_APPICON_NAME = AppIcon;
				ASSETCATALOG_COMPILER_GLOBAL_ACCENT_COLOR_NAME = AccentColor;
				CODE_SIGN_STYLE = Automatic;
				CURRENT_PROJECT_VERSION = 1;
				GENERATE_INFOPLIST_FILE = YES;
				INFOPLIST_FILE = "Club Info/Info.plist";
				INFOPLIST_KEY_UIApplicationSupportsIndirectInputEvents = YES;
				INFOPLIST_KEY_UILaunchStoryboardName = LaunchScreen;
				INFOPLIST_KEY_UIMainStoryboardFile = Main;
				INFOPLIST_KEY_UISupportedInterfaceOrientations_iPad = "UIInterfaceOrientationPortrait UIInterfaceOrientationPortraitUpsideDown UIInterfaceOrientationLandscapeLeft UIInterfaceOrientationLandscapeRight";
				INFOPLIST_KEY_UISupportedInterfaceOrientations_iPhone = "UIInterfaceOrientationPortrait UIInterfaceOrientationLandscapeLeft UIInterfaceOrientationLandscapeRight";
				LD_RUNPATH_SEARCH_PATHS = (
					"$(inherited)",
					"@executable_path/Frameworks",
				);
				MARKETING_VERSION = 1.0;
				PRODUCT_BUNDLE_IDENTIFIER = "com.Club-Info";
				PRODUCT_NAME = "$(TARGET_NAME)";
				SWIFT_EMIT_LOC_STRINGS = YES;
				SWIFT_VERSION = 5.0;
				TARGETED_DEVICE_FAMILY = "1,2";
			};
			name = Debug;
		};
		0422076C2A17923100E13386 /* Release */ = {
			isa = XCBuildConfiguration;
			baseConfigurationReference = C4907C06EEA4255F632EA24C /* Pods-Club Info.release.xcconfig */;
			buildSettings = {
				ASSETCATALOG_COMPILER_APPICON_NAME = AppIcon;
				ASSETCATALOG_COMPILER_GLOBAL_ACCENT_COLOR_NAME = AccentColor;
				CODE_SIGN_STYLE = Automatic;
				CURRENT_PROJECT_VERSION = 1;
				GENERATE_INFOPLIST_FILE = YES;
				INFOPLIST_FILE = "Club Info/Info.plist";
				INFOPLIST_KEY_UIApplicationSupportsIndirectInputEvents = YES;
				INFOPLIST_KEY_UILaunchStoryboardName = LaunchScreen;
				INFOPLIST_KEY_UIMainStoryboardFile = Main;
				INFOPLIST_KEY_UISupportedInterfaceOrientations_iPad = "UIInterfaceOrientationPortrait UIInterfaceOrientationPortraitUpsideDown UIInterfaceOrientationLandscapeLeft UIInterfaceOrientationLandscapeRight";
				INFOPLIST_KEY_UISupportedInterfaceOrientations_iPhone = "UIInterfaceOrientationPortrait UIInterfaceOrientationLandscapeLeft UIInterfaceOrientationLandscapeRight";
				LD_RUNPATH_SEARCH_PATHS = (
					"$(inherited)",
					"@executable_path/Frameworks",
				);
				MARKETING_VERSION = 1.0;
				PRODUCT_BUNDLE_IDENTIFIER = "com.Club-Info";
				PRODUCT_NAME = "$(TARGET_NAME)";
				SWIFT_EMIT_LOC_STRINGS = YES;
				SWIFT_VERSION = 5.0;
				TARGETED_DEVICE_FAMILY = "1,2";
			};
			name = Release;
		};
/* End XCBuildConfiguration section */

/* Begin XCConfigurationList section */
		0422074E2A17923000E13386 /* Build configuration list for PBXProject "Club Info" */ = {
			isa = XCConfigurationList;
			buildConfigurations = (
				042207682A17923100E13386 /* Debug */,
				042207692A17923100E13386 /* Release */,
			);
			defaultConfigurationIsVisible = 0;
			defaultConfigurationName = Release;
		};
		0422076A2A17923100E13386 /* Build configuration list for PBXNativeTarget "Club Info" */ = {
			isa = XCConfigurationList;
			buildConfigurations = (
				0422076B2A17923100E13386 /* Debug */,
				0422076C2A17923100E13386 /* Release */,
			);
			defaultConfigurationIsVisible = 0;
			defaultConfigurationName = Release;
		};
/* End XCConfigurationList section */

/* Begin XCVersionGroup section */
		0422075F2A17923000E13386 /* Club_Info.xcdatamodeld */ = {
			isa = XCVersionGroup;
			children = (
				042207602A17923000E13386 /* Club_Info.xcdatamodel */,
			);
			currentVersion = 042207602A17923000E13386 /* Club_Info.xcdatamodel */;
			path = Club_Info.xcdatamodeld;
			sourceTree = "<group>";
			versionGroupType = wrapper.xcdatamodel;
		};
/* End XCVersionGroup section */
	};
	rootObject = 0422074B2A17923000E13386 /* Project object */;
}
